
Microsoft Visual Studio Solution File, Format Version 12.00
# Visual Studio Version 17
VisualStudioVersion = 17.1.32328.378
MinimumVisualStudioVersion = 10.0.40219.1
Project("{9A19103F-16F7-4668-BE54-9A1E7A4F7556}") = "SAOD_2_4_1", "SAOD_2_4_1\SAOD_2_4_1.csproj", "{E4CAC567-6DDD-411D-AF2E-BDC09AA9291A}"
EndProject
Project("{FAE04EC0-301F-11D3-BF4B-00C04F79EFBC}") = "SAOD_2_4_2_", "SAOD_2_4_2_\SAOD_2_4_2_.csproj", "{90987217-C873-403C-B91A-E58EEEC6422F}"
EndProject
Global
	GlobalSection(SolutionConfigurationPlatforms) = preSolution
		Debug|Any CPU = Debug|Any CPU
		Release|Any CPU = Release|Any CPU
	EndGlobalSection
	GlobalSection(ProjectConfigurationPlatforms) = postSolution
		{E4CAC567-6DDD-411D-AF2E-BDC09AA9291A}.Debug|Any CPU.ActiveCfg = Debug|Any CPU
		{E4CAC567-6DDD-411D-AF2E-BDC09AA9291A}.Debug|Any CPU.Build.0 = Debug|Any CPU
		{E4CAC567-6DDD-411D-AF2E-BDC09AA9291A}.Release|Any CPU.ActiveCfg = Release|Any CPU
		{E4CAC567-6DDD-411D-AF2E-BDC09AA9291A}.Release|Any CPU.Build.0 = Release|Any CPU
		{90987217-C873-403C-B91A-E58EEEC6422F}.Debug|Any CPU.ActiveCfg = Debug|Any CPU
		{90987217-C873-403C-B91A-E58EEEC6422F}.Debug|Any CPU.Build.0 = Debug|Any CPU
		{90987217-C873-403C-B91A-E58EEEC6422F}.Release|Any CPU.ActiveCfg = Release|Any CPU
		{90987217-C873-403C-B91A-E58EEEC6422F}.Release|Any CPU.Build.0 = Release|Any CPU
	EndGlobalSection
	GlobalSection(SolutionProperties) = preSolution
		HideSolutionNode = FALSE
	EndGlobalSection
	GlobalSection(ExtensibilityGlobals) = postSolution
		SolutionGuid = {C5D482A1-A47F-4A07-99FD-A74F48B31D7B}
	EndGlobalSection
EndGlobal
